// !$*UTF8*$!
{
	archiveVersion = 1;
	classes = {
	};
	objectVersion = 46;
	objects = {

/* Begin PBXBuildFile section */
		DB8F70F31CD3047700E71D6D /* RNFileOpener.h in CopyFiles */ = {isa = PBXBuildFile; fileRef = DB8F70F21CD3047700E71D6D /* RNFileOpener.h */; };
		DB8F70F51CD3047700E71D6D /* RNFileOpener.m in Sources */ = {isa = PBXBuildFile; fileRef = DB8F70F41CD3047700E71D6D /* RNFileOpener.m */; };
/* End PBXBuildFile section */

/* Begin PBXCopyFilesBuildPhase section */
		DB8F70ED1CD3047700E71D6D /* CopyFiles */ = {
			isa = PBXCopyFilesBuildPhase;
			buildActionMask = 2147483647;
			dstPath = "include/$(PRODUCT_NAME)";
			dstSubfolderSpec = 16;
			files = (
				DB8F70F31CD3047700E71D6D /* RNFileOpener.h in CopyFiles */,
			);
			runOnlyForDeploymentPostprocessing = 0;
		};
/* End PBXCopyFilesBuildPhase section */

/* Begin PBXFileReference section */
		DB8F70EF1CD3047700E71D6D /* libRNFileOpener.a */ = {isa = PBXFileReference; explicitFileType = archive.ar; includeInIndex = 0; path = libRNFileOpener.a; sourceTree = BUILT_PRODUCTS_DIR; };
		DB8F70F21CD3047700E71D6D /* RNFileOpener.h */ = {isa = PBXFileReference; lastKnownFileType = sourcecode.c.h; path = RNFileOpener.h; sourceTree = "<group>"; };
		DB8F70F41CD3047700E71D6D /* RNFileOpener.m */ = {isa = PBXFileReference; lastKnownFileType = sourcecode.c.objc; path = RNFileOpener.m; sourceTree = "<group>"; };
/* End PBXFileReference section */

/* Begin PBXFrameworksBuildPhase section */
		DB8F70EC1CD3047700E71D6D /* Frameworks */ = {
			isa = PBXFrameworksBuildPhase;
			buildActionMask = 2147483647;
			files = (
			);
			runOnlyForDeploymentPostprocessing = 0;
		};
/* End PBXFrameworksBuildPhase section */

/* Begin PBXGroup section */
		DB8F70E61CD3047700E71D6D = {
			isa = PBXGroup;
			children = (
				DB8F70F11CD3047700E71D6D /* RNFileOpener */,
				DB8F70F01CD3047700E71D6D /* Products */,
			);
			sourceTree = "<group>";
		};
		DB8F70F01CD3047700E71D6D /* Products */ = {
			isa = PBXGroup;
			children = (
				DB8F70EF1CD3047700E71D6D /* libRNFileOpener.a */,
			);
			name = Products;
			sourceTree = "<group>";
		};
		DB8F70F11CD3047700E71D6D /* RNFileOpener */ = {
			isa = PBXGroup;
			children = (
				DB8F70F21CD3047700E71D6D /* RNFileOpener.h */,
				DB8F70F41CD3047700E71D6D /* RNFileOpener.m */,
			);
			path = RNFileOpener;
			sourceTree = "<group>";
		};
/* End PBXGroup section */

/* Begin PBXNativeTarget section */
		DB8F70EE1CD3047700E71D6D /* RNFileOpener */ = {
			isa = PBXNativeTarget;
			buildConfigurationList = DB8F70F81CD3047700E71D6D /* Build configuration list for PBXNativeTarget "RNFileOpener" */;
			buildPhases = (
				DB8F70EB1CD3047700E71D6D /* Sources */,
				DB8F70EC1CD3047700E71D6D /* Frameworks */,
				DB8F70ED1CD3047700E71D6D /* CopyFiles */,
			);
			buildRules = (
			);
			dependencies = (
			);
			name = RNFileOpener;
			productName = RNFileOpener;
			productReference = DB8F70EF1CD3047700E71D6D /* libRNFileOpener.a */;
			productType = "com.apple.product-type.library.static";
		};
/* End PBXNativeTarget section */

/* Begin PBXProject section */
		DB8F70E71CD3047700E71D6D /* Project object */ = {
			isa = PBXProject;
			attributes = {
				LastUpgradeCheck = 0730;
				ORGANIZATIONNAME = zuizui;
				TargetAttributes = {
					DB8F70EE1CD3047700E71D6D = {
						CreatedOnToolsVersion = 7.3;
					};
				};
			};
			buildConfigurationList = DB8F70EA1CD3047700E71D6D /* Build configuration list for PBXProject "RNFileOpener" */;
			compatibilityVersion = "Xcode 3.2";
			developmentRegion = English;
			hasScannedForEncodings = 0;
			knownRegions = (
				en,
			);
			mainGroup = DB8F70E61CD3047700E71D6D;
			productRefGroup = DB8F70F01CD3047700E71D6D /* Products */;
			projectDirPath = "";
			projectRoot = "";
			targets = (
				DB8F70EE1CD3047700E71D6D /* RNFileOpener */,
			);
		};
/* End PBXProject section */

/* Begin PBXSourcesBuildPhase section */
		DB8F70EB1CD3047700E71D6D /* Sources */ = {
			isa = PBXSourcesBuildPhase;
			buildActionMask = 2147483647;
			files = (
				DB8F70F51CD3047700E71D6D /* RNFileOpener.m in Sources */,
			);
			runOnlyForDeploymentPostprocessing = 0;
		};
/* End PBXSourcesBuildPhase section */

/* Begin XCBuildConfiguration section */
		DB8F70F61CD3047700E71D6D /* Debug */ = {
			isa = XCBuildConfiguration;
			buildSettings = {
				ALWAYS_SEARCH_USER_PATHS = NO;
				CLANG_ANALYZER_NONNULL = YES;
				CLANG_CXX_LANGUAGE_STANDARD = "gnu++0x";
				CLANG_CXX_LIBRARY = "libc++";
				CLANG_ENABLE_MODULES = YES;
				CLANG_ENABLE_OBJC_ARC = YES;
				CLANG_WARN_BOOL_CONVERSION = YES;
				CLANG_WARN_CONSTANT_CONVERSION = YES;
				CLANG_WARN_DIRECT_OBJC_ISA_USAGE = YES_ERROR;
				CLANG_WARN_EMPTY_BODY = YES;
				CLANG_WARN_ENUM_CONVERSION = YES;
				CLANG_WARN_INT_CONVERSION = YES;
				CLANG_WARN_OBJC_ROOT_CLASS = YES_ERROR;
				CLANG_WARN_UNREACHABLE_CODE = YES;
				CLANG_WARN__DUPLICATE_METHOD_MATCH = YES;
				"CODE_SIGN_IDENTITY[sdk=iphoneos*]" = "iPhone Developer";
				COPY_PHASE_STRIP = NO;
				DEBUG_INFORMATION_FORMAT = dwarf;
				ENABLE_STRICT_OBJC_MSGSEND = YES;
				ENABLE_TESTABILITY = YES;
				GCC_C_LANGUAGE_STANDARD = gnu99;
				GCC_DYNAMIC_NO_PIC = NO;
				GCC_NO_COMMON_BLOCKS = YES;
				GCC_OPTIMIZATION_LEVEL = 0;
				GCC_PREPROCESSOR_DEFINITIONS = (
					"DEBUG=1",
					"$(inherited)",
				);
				GCC_WARN_64_TO_32_BIT_CONVERSION = YES;
				GCC_WARN_ABOUT_RETURN_TYPE = YES_ERROR;
				GCC_WARN_UNDECLARED_SELECTOR = YES;
				GCC_WARN_UNINITIALIZED_AUTOS = YES_AGGRESSIVE;
				GCC_WARN_UNUSED_FUNCTION = YES;
				GCC_WARN_UNUSED_VARIABLE = YES;
				IPHONEOS_DEPLOYMENT_TARGET = 9.3;
				MTL_ENABLE_DEBUG_INFO = YES;
				ONLY_ACTIVE_ARCH = YES;
				SDKROOT = iphoneos;
			};
			name = Debug;
		};
		DB8F70F71CD3047700E71D6D /* Release */ = {
			isa = XCBuildConfiguration;
			buildSettings = {
				ALWAYS_SEARCH_USER_PATHS = NO;
				CLANG_ANALYZER_NONNULL = YES;
				CLANG_CXX_LANGUAGE_STANDARD = "gnu++0x";
				CLANG_CXX_LIBRARY = "libc++";
				CLANG_ENABLE_MODULES = YES;
				CLANG_ENABLE_OBJC_ARC = YES;
				CLANG_WARN_BOOL_CONVERSION = YES;
				CLANG_WARN_CONSTANT_CONVERSION = YES;
				CLANG_WARN_DIRECT_OBJC_ISA_USAGE = YES_ERROR;
				CLANG_WARN_EMPTY_BODY = YES;
				CLANG_WARN_ENUM_CONVERSION = YES;
				CLANG_WARN_INT_CONVERSION = YES;
				CLANG_WARN_OBJC_ROOT_CLASS = YES_ERROR;
				CLANG_WARN_UNREACHABLE_CODE = YES;
				CLANG_WARN__DUPLICATE_METHOD_MATCH = YES;
				"CODE_SIGN_IDENTITY[sdk=iphoneos*]" = "iPhone Developer";
				COPY_PHASE_STRIP = NO;
				DEBUG_INFORMATION_FORMAT = "dwarf-with-dsym";
				ENABLE_NS_ASSERTIONS = NO;
				ENABLE_STRICT_OBJC_MSGSEND = YES;
				GCC_C_LANGUAGE_STANDARD = gnu99;
				GCC_NO_COMMON_BLOCKS = YES;
				GCC_WARN_64_TO_32_BIT_CONVERSION = YES;
				GCC_WARN_ABOUT_RETURN_TYPE = YES_ERROR;
				GCC_WARN_UNDECLARED_SELECTOR = YES;
				GCC_WARN_UNINITIALIZED_AUTOS = YES_AGGRESSIVE;
				GCC_WARN_UNUSED_FUNCTION = YES;
				GCC_WARN_UNUSED_VARIABLE = YES;
				IPHONEOS_DEPLOYMENT_TARGET = 9.3;
				MTL_ENABLE_DEBUG_INFO = NO;
				SDKROOT = iphoneos;
				VALIDATE_PRODUCT = YES;
			};
			name = Release;
		};
		DB8F70F91CD3047700E71D6D /* Debug */ = {
			isa = XCBuildConfiguration;
			buildSettings = {
				HEADER_SEARCH_PATHS = (
					"$(SRCROOT)/../node_modules/react-native/React/**",
					"$(SRCROOT)/../../react-native/React/**",
					"$(SRCROOT)/../Example/node_modules/react-native/React/**",
				);
				IPHONEOS_DEPLOYMENT_TARGET = 7.0;
				OTHER_LDFLAGS = "-ObjC";
				PRODUCT_NAME = "$(TARGET_NAME)";
				SKIP_INSTALL = YES;
			};
			name = Debug;
		};
		DB8F70FA1CD3047700E71D6D /* Release */ = {
			isa = XCBuildConfiguration;
			buildSettings = {
				HEADER_SEARCH_PATHS = (
					"$(SRCROOT)/../node_modules/react-native/React/**",
					"$(SRCROOT)/../../react-native/React/**",
					"$(SRCROOT)/../Example/node_modules/react-native/React/**",
				);
				IPHONEOS_DEPLOYMENT_TARGET = 7.0;
				OTHER_LDFLAGS = "-ObjC";
				PRODUCT_NAME = "$(TARGET_NAME)";
				SKIP_INSTALL = YES;
			};
			name = Release;
		};
/* End XCBuildConfiguration section */

/* Begin XCConfigurationList section */
		DB8F70EA1CD3047700E71D6D /* Build configuration list for PBXProject "RNFileOpener" */ = {
			isa = XCConfigurationList;
			buildConfigurations = (
				DB8F70F61CD3047700E71D6D /* Debug */,
				DB8F70F71CD3047700E71D6D /* Release */,
			);
			defaultConfigurationIsVisible = 0;
			defaultConfigurationName = Release;
		};
		DB8F70F81CD3047700E71D6D /* Build configuration list for PBXNativeTarget "RNFileOpener" */ = {
			isa = XCConfigurationList;
			buildConfigurations = (
				DB8F70F91CD3047700E71D6D /* Debug */,
				DB8F70FA1CD3047700E71D6D /* Release */,
			);
			defaultConfigurationIsVisible = 0;
			defaultConfigurationName = Release;
		};
/* End XCConfigurationList section */
	};
	rootObject = DB8F70E71CD3047700E71D6D /* Project object */;
}
